// !$*UTF8*$!
{
	archiveVersion = 1;
	classes = {
	};
	objectVersion = 46;
	objects = {

/* Begin PBXBuildFile section */
		E05C42E3152348D5003F5853 /* UIKit.framework in Frameworks */ = {isa = PBXBuildFile; fileRef = E05C42E2152348D5003F5853 /* UIKit.framework */; };
		E05C42E5152348D5003F5853 /* Foundation.framework in Frameworks */ = {isa = PBXBuildFile; fileRef = E05C42E4152348D5003F5853 /* Foundation.framework */; };
		E05C42E7152348D5003F5853 /* CoreGraphics.framework in Frameworks */ = {isa = PBXBuildFile; fileRef = E05C42E6152348D5003F5853 /* CoreGraphics.framework */; };
		E05C42ED152348D5003F5853 /* InfoPlist.strings in Resources */ = {isa = PBXBuildFile; fileRef = E05C42EB152348D5003F5853 /* InfoPlist.strings */; };
		E05C42EF152348D5003F5853 /* main.m in Sources */ = {isa = PBXBuildFile; fileRef = E05C42EE152348D5003F5853 /* main.m */; };
		E05C42F3152348D5003F5853 /* AppDelegate.m in Sources */ = {isa = PBXBuildFile; fileRef = E05C42F2152348D5003F5853 /* AppDelegate.m */; };
		E05C42F6152348D5003F5853 /* ViewController.m in Sources */ = {isa = PBXBuildFile; fileRef = E05C42F5152348D5003F5853 /* ViewController.m */; };
		E05C42F9152348D5003F5853 /* ViewController.xib in Resources */ = {isa = PBXBuildFile; fileRef = E05C42F7152348D5003F5853 /* ViewController.xib */; };
		E05C43071523577B003F5853 /* Localizable.strings in Resources */ = {isa = PBXBuildFile; fileRef = E05C43091523577B003F5853 /* Localizable.strings */; };
		E05C430D152448CB003F5853 /* ViewController.strings in Resources */ = {isa = PBXBuildFile; fileRef = E05C430B152448CB003F5853 /* ViewController.strings */; };
/* End PBXBuildFile section */

/* Begin PBXFileReference section */
		E05C42DE152348D5003F5853 /* LocalizedApp.app */ = {isa = PBXFileReference; explicitFileType = wrapper.application; includeInIndex = 0; path = LocalizedApp.app; sourceTree = BUILT_PRODUCTS_DIR; };
		E05C42E2152348D5003F5853 /* UIKit.framework */ = {isa = PBXFileReference; lastKnownFileType = wrapper.framework; name = UIKit.framework; path = System/Library/Frameworks/UIKit.framework; sourceTree = SDKROOT; };
		E05C42E4152348D5003F5853 /* Foundation.framework */ = {isa = PBXFileReference; lastKnownFileType = wrapper.framework; name = Foundation.framework; path = System/Library/Frameworks/Foundation.framework; sourceTree = SDKROOT; };
		E05C42E6152348D5003F5853 /* CoreGraphics.framework */ = {isa = PBXFileReference; lastKnownFileType = wrapper.framework; name = CoreGraphics.framework; path = System/Library/Frameworks/CoreGraphics.framework; sourceTree = SDKROOT; };
		E05C42EA152348D5003F5853 /* LocalizedApp-Info.plist */ = {isa = PBXFileReference; lastKnownFileType = text.plist.xml; path = "LocalizedApp-Info.plist"; sourceTree = "<group>"; };
		E05C42EC152348D5003F5853 /* en */ = {isa = PBXFileReference; lastKnownFileType = text.plist.strings; name = en; path = en.lproj/InfoPlist.strings; sourceTree = "<group>"; };
		E05C42EE152348D5003F5853 /* main.m */ = {isa = PBXFileReference; lastKnownFileType = sourcecode.c.objc; path = main.m; sourceTree = "<group>"; };
		E05C42F0152348D5003F5853 /* LocalizedApp-Prefix.pch */ = {isa = PBXFileReference; lastKnownFileType = sourcecode.c.h; path = "LocalizedApp-Prefix.pch"; sourceTree = "<group>"; };
		E05C42F1152348D5003F5853 /* AppDelegate.h */ = {isa = PBXFileReference; lastKnownFileType = sourcecode.c.h; path = AppDelegate.h; sourceTree = "<group>"; };
		E05C42F2152348D5003F5853 /* AppDelegate.m */ = {isa = PBXFileReference; lastKnownFileType = sourcecode.c.objc; path = AppDelegate.m; sourceTree = "<group>"; };
		E05C42F4152348D5003F5853 /* ViewController.h */ = {isa = PBXFileReference; lastKnownFileType = sourcecode.c.h; path = ViewController.h; sourceTree = "<group>"; };
		E05C42F5152348D5003F5853 /* ViewController.m */ = {isa = PBXFileReference; lastKnownFileType = sourcecode.c.objc; path = ViewController.m; sourceTree = "<group>"; };
		E05C42F8152348D5003F5853 /* en */ = {isa = PBXFileReference; lastKnownFileType = file.xib; name = en; path = en.lproj/ViewController.xib; sourceTree = "<group>"; };
		E05C43081523577B003F5853 /* en */ = {isa = PBXFileReference; lastKnownFileType = text.plist.strings; name = en; path = en.lproj/Localizable.strings; sourceTree = "<group>"; };
		E05C430A152357B2003F5853 /* fr */ = {isa = PBXFileReference; lastKnownFileType = text.plist.strings; name = fr; path = fr.lproj/Localizable.strings; sourceTree = "<group>"; };
		E05C430C152448CB003F5853 /* en */ = {isa = PBXFileReference; lastKnownFileType = text.plist.strings; name = en; path = en.lproj/ViewController.strings; sourceTree = "<group>"; };
		E05C430E152448D4003F5853 /* fr */ = {isa = PBXFileReference; lastKnownFileType = text.plist.strings; name = fr; path = fr.lproj/ViewController.strings; sourceTree = "<group>"; };
		E05C430F15244B24003F5853 /* fr */ = {isa = PBXFileReference; lastKnownFileType = file.xib; name = fr; path = fr.lproj/ViewController.xib; sourceTree = "<group>"; };
		E05C431015244C35003F5853 /* fr */ = {isa = PBXFileReference; lastKnownFileType = text.plist.strings; name = fr; path = fr.lproj/InfoPlist.strings; sourceTree = "<group>"; };
/* End PBXFileReference section */

/* Begin PBXFrameworksBuildPhase section */
		E05C42DB152348D5003F5853 /* Frameworks */ = {
			isa = PBXFrameworksBuildPhase;
			buildActionMask = 2147483647;
			files = (
				E05C42E3152348D5003F5853 /* UIKit.framework in Frameworks */,
				E05C42E5152348D5003F5853 /* Foundation.framework in Frameworks */,
				E05C42E7152348D5003F5853 /* CoreGraphics.framework in Frameworks */,
			);
			runOnlyForDeploymentPostprocessing = 0;
		};
/* End PBXFrameworksBuildPhase section */

/* Begin PBXGroup section */
		E05C42D3152348D5003F5853 = {
			isa = PBXGroup;
			children = (
				E05C42E8152348D5003F5853 /* LocalizedApp */,
				E05C42E1152348D5003F5853 /* Frameworks */,
				E05C42DF152348D5003F5853 /* Products */,
			);
			sourceTree = "<group>";
		};
		E05C42DF152348D5003F5853 /* Products */ = {
			isa = PBXGroup;
			children = (
				E05C42DE152348D5003F5853 /* LocalizedApp.app */,
			);
			name = Products;
			sourceTree = "<group>";
		};
		E05C42E1152348D5003F5853 /* Frameworks */ = {
			isa = PBXGroup;
			children = (
				E05C42E2152348D5003F5853 /* UIKit.framework */,
				E05C42E4152348D5003F5853 /* Foundation.framework */,
				E05C42E6152348D5003F5853 /* CoreGraphics.framework */,
			);
			name = Frameworks;
			sourceTree = "<group>";
		};
		E05C42E8152348D5003F5853 /* LocalizedApp */ = {
			isa = PBXGroup;
			children = (
				E05C42F1152348D5003F5853 /* AppDelegate.h */,
				E05C42F2152348D5003F5853 /* AppDelegate.m */,
				E05C42F4152348D5003F5853 /* ViewController.h */,
				E05C42F5152348D5003F5853 /* ViewController.m */,
				E05C42F7152348D5003F5853 /* ViewController.xib */,
				E05C430B152448CB003F5853 /* ViewController.strings */,
				E05C43091523577B003F5853 /* Localizable.strings */,
				E05C42E9152348D5003F5853 /* Supporting Files */,
			);
			path = LocalizedApp;
			sourceTree = "<group>";
		};
		E05C42E9152348D5003F5853 /* Supporting Files */ = {
			isa = PBXGroup;
			children = (
				E05C42EA152348D5003F5853 /* LocalizedApp-Info.plist */,
				E05C42EB152348D5003F5853 /* InfoPlist.strings */,
				E05C42EE152348D5003F5853 /* main.m */,
				E05C42F0152348D5003F5853 /* LocalizedApp-Prefix.pch */,
			);
			name = "Supporting Files";
			sourceTree = "<group>";
		};
/* End PBXGroup section */

/* Begin PBXNativeTarget section */
		E05C42DD152348D5003F5853 /* LocalizedApp */ = {
			isa = PBXNativeTarget;
			buildConfigurationList = E05C42FC152348D5003F5853 /* Build configuration list for PBXNativeTarget "LocalizedApp" */;
			buildPhases = (
				E05C42DA152348D5003F5853 /* Sources */,
				E05C42DB152348D5003F5853 /* Frameworks */,
				E05C42DC152348D5003F5853 /* Resources */,
			);
			buildRules = (
			);
			dependencies = (
			);
			name = LocalizedApp;
			productName = LocalizedApp;
			productReference = E05C42DE152348D5003F5853 /* LocalizedApp.app */;
			productType = "com.apple.product-type.application";
		};
/* End PBXNativeTarget section */

/* Begin PBXProject section */
		E05C42D5152348D5003F5853 /* Project object */ = {
			isa = PBXProject;
			attributes = {
				LastUpgradeCheck = 0430;
				ORGANIZATIONNAME = "iPuP SARL";
			};
			buildConfigurationList = E05C42D8152348D5003F5853 /* Build configuration list for PBXProject "LocalizedApp" */;
			compatibilityVersion = "Xcode 3.2";
			developmentRegion = English;
			hasScannedForEncodings = 0;
			knownRegions = (
				en,
				fr,
			);
			mainGroup = E05C42D3152348D5003F5853;
			productRefGroup = E05C42DF152348D5003F5853 /* Products */;
			projectDirPath = "";
			projectRoot = "";
			targets = (
				E05C42DD152348D5003F5853 /* LocalizedApp */,
			);
		};
/* End PBXProject section */

/* Begin PBXResourcesBuildPhase section */
		E05C42DC152348D5003F5853 /* Resources */ = {
			isa = PBXResourcesBuildPhase;
			buildActionMask = 2147483647;
			files = (
				E05C42ED152348D5003F5853 /* InfoPlist.strings in Resources */,
				E05C42F9152348D5003F5853 /* ViewController.xib in Resources */,
				E05C43071523577B003F5853 /* Localizable.strings in Resources */,
				E05C430D152448CB003F5853 /* ViewController.strings in Resources */,
			);
			runOnlyForDeploymentPostprocessing = 0;
		};
/* End PBXResourcesBuildPhase section */

/* Begin PBXSourcesBuildPhase section */
		E05C42DA152348D5003F5853 /* Sources */ = {
			isa = PBXSourcesBuildPhase;
			buildActionMask = 2147483647;
			files = (
				E05C42EF152348D5003F5853 /* main.m in Sources */,
				E05C42F3152348D5003F5853 /* AppDelegate.m in Sources */,
				E05C42F6152348D5003F5853 /* ViewController.m in Sources */,
			);
			runOnlyForDeploymentPostprocessing = 0;
		};
/* End PBXSourcesBuildPhase section */

/* Begin PBXVariantGroup section */
		E05C42EB152348D5003F5853 /* InfoPlist.strings */ = {
			isa = PBXVariantGroup;
			children = (
				E05C42EC152348D5003F5853 /* en */,
				E05C431015244C35003F5853 /* fr */,
			);
			name = InfoPlist.strings;
			sourceTree = "<group>";
		};
		E05C42F7152348D5003F5853 /* ViewController.xib */ = {
			isa = PBXVariantGroup;
			children = (
				E05C42F8152348D5003F5853 /* en */,
				E05C430F15244B24003F5853 /* fr */,
			);
			name = ViewController.xib;
			sourceTree = "<group>";
		};
		E05C43091523577B003F5853 /* Localizable.strings */ = {
			isa = PBXVariantGroup;
			children = (
				E05C43081523577B003F5853 /* en */,
				E05C430A152357B2003F5853 /* fr */,
			);
			name = Localizable.strings;
			sourceTree = "<group>";
		};
		E05C430B152448CB003F5853 /* ViewController.strings */ = {
			isa = PBXVariantGroup;
			children = (
				E05C430C152448CB003F5853 /* en */,
				E05C430E152448D4003F5853 /* fr */,
			);
			name = ViewController.strings;
			sourceTree = "<group>";
		};
/* End PBXVariantGroup section */

/* Begin XCBuildConfiguration section */
		E05C42FA152348D5003F5853 /* Debug */ = {
			isa = XCBuildConfiguration;
			buildSettings = {
				ALWAYS_SEARCH_USER_PATHS = NO;
				ARCHS = "$(ARCHS_STANDARD_32_BIT)";
				CLANG_ENABLE_OBJC_ARC = YES;
				"CODE_SIGN_IDENTITY[sdk=iphoneos*]" = "iPhone Developer";
				COPY_PHASE_STRIP = NO;
				GCC_C_LANGUAGE_STANDARD = gnu99;
				GCC_DYNAMIC_NO_PIC = NO;
				GCC_OPTIMIZATION_LEVEL = 0;
				GCC_PREPROCESSOR_DEFINITIONS = (
					"DEBUG=1",
					"$(inherited)",
				);
				GCC_SYMBOLS_PRIVATE_EXTERN = NO;
				GCC_VERSION = com.apple.compilers.llvm.clang.1_0;
				GCC_WARN_ABOUT_RETURN_TYPE = YES;
				GCC_WARN_UNINITIALIZED_AUTOS = YES;
				GCC_WARN_UNUSED_VARIABLE = YES;
				IPHONEOS_DEPLOYMENT_TARGET = 5.1;
				SDKROOT = iphoneos;
			};
			name = Debug;
		};
		E05C42FB152348D5003F5853 /* Release */ = {
			isa = XCBuildConfiguration;
			buildSettings = {
				ALWAYS_SEARCH_USER_PATHS = NO;
				ARCHS = "$(ARCHS_STANDARD_32_BIT)";
				CLANG_ENABLE_OBJC_ARC = YES;
				"CODE_SIGN_IDENTITY[sdk=iphoneos*]" = "iPhone Developer";
				COPY_PHASE_STRIP = YES;
				GCC_C_LANGUAGE_STANDARD = gnu99;
				GCC_VERSION = com.apple.compilers.llvm.clang.1_0;
				GCC_WARN_ABOUT_RETURN_TYPE = YES;
				GCC_WARN_UNINITIALIZED_AUTOS = YES;
				GCC_WARN_UNUSED_VARIABLE = YES;
				IPHONEOS_DEPLOYMENT_TARGET = 5.1;
				OTHER_CFLAGS = "-DNS_BLOCK_ASSERTIONS=1";
				SDKROOT = iphoneos;
				VALIDATE_PRODUCT = YES;
			};
			name = Release;
		};
		E05C42FD152348D5003F5853 /* Debug */ = {
			isa = XCBuildConfiguration;
			buildSettings = {
				GCC_PRECOMPILE_PREFIX_HEADER = YES;
				GCC_PREFIX_HEADER = "LocalizedApp/LocalizedApp-Prefix.pch";
				INFOPLIST_FILE = "LocalizedApp/LocalizedApp-Info.plist";
				PRODUCT_NAME = "$(TARGET_NAME)";
				WRAPPER_EXTENSION = app;
			};
			name = Debug;
		};
		E05C42FE152348D5003F5853 /* Release */ = {
			isa = XCBuildConfiguration;
			buildSettings = {
				GCC_PRECOMPILE_PREFIX_HEADER = YES;
				GCC_PREFIX_HEADER = "LocalizedApp/LocalizedApp-Prefix.pch";
				INFOPLIST_FILE = "LocalizedApp/LocalizedApp-Info.plist";
				PRODUCT_NAME = "$(TARGET_NAME)";
				WRAPPER_EXTENSION = app;
			};
			name = Release;
		};
/* End XCBuildConfiguration section */

/* Begin XCConfigurationList section */
		E05C42D8152348D5003F5853 /* Build configuration list for PBXProject "LocalizedApp" */ = {
			isa = XCConfigurationList;
			buildConfigurations = (
				E05C42FA152348D5003F5853 /* Debug */,
				E05C42FB152348D5003F5853 /* Release */,
			);
			defaultConfigurationIsVisible = 0;
			defaultConfigurationName = Release;
		};
		E05C42FC152348D5003F5853 /* Build configuration list for PBXNativeTarget "LocalizedApp" */ = {
			isa = XCConfigurationList;
			buildConfigurations = (
				E05C42FD152348D5003F5853 /* Debug */,
				E05C42FE152348D5003F5853 /* Release */,
			);
			defaultConfigurationIsVisible = 0;
		};
/* End XCConfigurationList section */
	};
	rootObject = E05C42D5152348D5003F5853 /* Project object */;
}
